// !$*UTF8*$!
{
	archiveVersion = 1;
	classes = {
	};
	objectVersion = 46;
	objects = {

/* Begin PBXFileReference section */
		2FF0E55918574D3F00517795 /* English */ = {isa = PBXFileReference; lastKnownFileType = sourcecode.rez; name = English; path = ErrorMessages.r; sourceTree = "<group>"; };
		2FF0E55B18574D3F00517795 /* English */ = {isa = PBXFileReference; lastKnownFileType = archive.rsrc; name = English; path = "IconParty(carbon).rsrc"; sourceTree = "<group>"; };
		2FF0E55D18574D3F00517795 /* English */ = {isa = PBXFileReference; lastKnownFileType = sourcecode.rez; name = English; path = "IconParty(carbon).rsrc.r"; sourceTree = "<group>"; };
		2FF0E55F18574D3F00517795 /* English */ = {isa = PBXFileReference; lastKnownFileType = archive.rsrc; name = English; path = IconParty.rsrc; sourceTree = "<group>"; };
		2FF0E56118574D3F00517795 /* English */ = {isa = PBXFileReference; lastKnownFileType = sourcecode.rez; name = English; path = IconParty.rsrc.r; sourceTree = "<group>"; };
		2FF0E56318574D3F00517795 /* English */ = {isa = PBXFileReference; lastKnownFileType = text.plist.strings; name = English; path = InfoPlist.strings; sourceTree = "<group>"; };
		2FF0E56518574D3F00517795 /* English */ = {isa = PBXFileReference; lastKnownFileType = sourcecode.rez; name = English; path = Localized.r; sourceTree = "<group>"; };
		2FF0E56718574D3F00517795 /* English */ = {isa = PBXFileReference; lastKnownFileType = archive.rsrc; name = English; path = Localized.rsrc; sourceTree = "<group>"; };
		2FF0E56918574D3F00517795 /* English */ = {isa = PBXFileReference; lastKnownFileType = sourcecode.rez; name = English; path = Localized.rsrc.r; sourceTree = "<group>"; };
		2FF0E56B18574D3F00517795 /* English */ = {isa = PBXFileReference; lastKnownFileType = archive.rsrc; name = English; path = UpdateCheck.rsrc; sourceTree = "<group>"; };
		2FF0E56D18574D3F00517795 /* English */ = {isa = PBXFileReference; lastKnownFileType = sourcecode.rez; name = English; path = UpdateCheck.rsrc.r; sourceTree = "<group>"; };
		2FF0E57018574D3F00517795 /* Japanese */ = {isa = PBXFileReference; lastKnownFileType = sourcecode.rez; name = Japanese; path = ErrorMessages.r; sourceTree = "<group>"; };
		2FF0E57218574D3F00517795 /* Japanese */ = {isa = PBXFileReference; lastKnownFileType = archive.rsrc; name = Japanese; path = "IconParty(carbon).rsrc"; sourceTree = "<group>"; };
		2FF0E57418574D3F00517795 /* Japanese */ = {isa = PBXFileReference; lastKnownFileType = sourcecode.rez; name = Japanese; path = "IconParty(carbon).rsrc.r"; sourceTree = "<group>"; };
		2FF0E57618574D3F00517795 /* Japanese */ = {isa = PBXFileReference; lastKnownFileType = archive.rsrc; name = Japanese; path = IconParty.rsrc; sourceTree = "<group>"; };
		2FF0E57818574D3F00517795 /* Japanese */ = {isa = PBXFileReference; lastKnownFileType = sourcecode.rez; name = Japanese; path = IconParty.rsrc.r; sourceTree = "<group>"; };
		2FF0E57A18574D3F00517795 /* Japanese */ = {isa = PBXFileReference; lastKnownFileType = text.plist.strings; name = Japanese; path = InfoPlist.strings; sourceTree = "<group>"; };
		2FF0E57C18574D3F00517795 /* Japanese */ = {isa = PBXFileReference; lastKnownFileType = sourcecode.rez; name = Japanese; path = Localized.r; sourceTree = "<group>"; };
		2FF0E57E18574D3F00517795 /* Japanese */ = {isa = PBXFileReference; lastKnownFileType = archive.rsrc; name = Japanese; path = Localized.rsrc; sourceTree = "<group>"; };
		2FF0E58018574D3F00517795 /* Japanese */ = {isa = PBXFileReference; lastKnownFileType = sourcecode.rez; name = Japanese; path = Localized.rsrc.r; sourceTree = "<group>"; };
		2FF0E58218574D3F00517795 /* Japanese */ = {isa = PBXFileReference; lastKnownFileType = archive.rsrc; name = Japanese; path = UpdateCheck.rsrc; sourceTree = "<group>"; };
		2FF0E58418574D3F00517795 /* Japanese */ = {isa = PBXFileReference; lastKnownFileType = sourcecode.rez; name = Japanese; path = UpdateCheck.rsrc.r; sourceTree = "<group>"; };
		2FF0E58618574D3F00517795 /* blendfile.icns */ = {isa = PBXFileReference; lastKnownFileType = image.icns; path = blendfile.icns; sourceTree = "<group>"; };
		2FF0E58718574D3F00517795 /* dotlib.icns */ = {isa = PBXFileReference; lastKnownFileType = image.icns; path = dotlib.icns; sourceTree = "<group>"; };
		2FF0E58918574D3F00517795 /* CarbonHeader.r */ = {isa = PBXFileReference; lastKnownFileType = sourcecode.rez; path = CarbonHeader.r; sourceTree = "<group>"; };
		2FF0E58A18574D3F00517795 /* ClassicHeader.r */ = {isa = PBXFileReference; lastKnownFileType = sourcecode.rez; path = ClassicHeader.r; sourceTree = "<group>"; };
		2FF0E58B18574D3F00517795 /* EnglishCarbon.r */ = {isa = PBXFileReference; lastKnownFileType = sourcecode.rez; path = EnglishCarbon.r; sourceTree = "<group>"; };
		2FF0E58C18574D3F00517795 /* EnglishClassic.r */ = {isa = PBXFileReference; lastKnownFileType = sourcecode.rez; path = EnglishClassic.r; sourceTree = "<group>"; };
		2FF0E58D18574D3F00517795 /* icns.icns */ = {isa = PBXFileReference; lastKnownFileType = image.icns; path = icns.icns; sourceTree = "<group>"; };
		2FF0E58E18574D3F00517795 /* ico.icns */ = {isa = PBXFileReference; lastKnownFileType = image.icns; path = ico.icns; sourceTree = "<group>"; };
		2FF0E58F18574D3F00517795 /* Icon Party.rsrc.r */ = {isa = PBXFileReference; lastKnownFileType = sourcecode.rez; path = "Icon Party.rsrc.r"; sourceTree = "<group>"; };
		2FF0E59018574D3F00517795 /* IconParty carbon.plist */ = {isa = PBXFileReference; lastKnownFileType = text.plist.xml; path = "IconParty carbon.plist"; sourceTree = "<group>"; };
		2FF0E59118574D3F00517795 /* IconParty.icns */ = {isa = PBXFileReference; lastKnownFileType = image.icns; path = IconParty.icns; sourceTree = "<group>"; };
		2FF0E59218574D3F00517795 /* IconParty.plist */ = {isa = PBXFileReference; lastKnownFileType = text.plist.xml; path = IconParty.plist; sourceTree = "<group>"; };
		2FF0E59318574D3F00517795 /* IconParty.r */ = {isa = PBXFileReference; lastKnownFileType = sourcecode.rez; path = IconParty.r; sourceTree = "<group>"; };
		2FF0E59418574D3F00517795 /* IPAppearance.r */ = {isa = PBXFileReference; lastKnownFileType = sourcecode.rez; path = IPAppearance.r; sourceTree = "<group>"; };
		2FF0E59518574D3F00517795 /* IPBalloonHelp.r */ = {isa = PBXFileReference; lastKnownFileType = sourcecode.rez; path = IPBalloonHelp.r; sourceTree = "<group>"; };
		2FF0E59618574D3F00517795 /* Makefile */ = {isa = PBXFileReference; lastKnownFileType = sourcecode.make; path = Makefile; sourceTree = "<group>"; };
		2FF0E59718574D3F00517795 /* PICT.icns */ = {isa = PBXFileReference; lastKnownFileType = image.icns; path = PICT.icns; sourceTree = "<group>"; };
		2FF0E59818574D3F00517795 /* PNG.icns */ = {isa = PBXFileReference; lastKnownFileType = image.icns; path = PNG.icns; sourceTree = "<group>"; };
		2FF0E59918574D3F00517795 /* rsrc.icns */ = {isa = PBXFileReference; lastKnownFileType = image.icns; path = rsrc.icns; sourceTree = "<group>"; };
		2FF0E59A18574D3F00517795 /* Useful.rsrc.r */ = {isa = PBXFileReference; lastKnownFileType = sourcecode.rez; path = Useful.rsrc.r; sourceTree = "<group>"; };
		2FF0E59B18574D3F00517795 /* x_icons.r */ = {isa = PBXFileReference; lastKnownFileType = sourcecode.rez; path = x_icons.r; sourceTree = "<group>"; };
		2FF0E59D18574D3F00517795 /* AE Install.c */ = {isa = PBXFileReference; lastKnownFileType = sourcecode.c.c; path = "AE Install.c"; sourceTree = "<group>"; };
		2FF0E59E18574D3F00517795 /* CustomSaveDialog.c */ = {isa = PBXFileReference; lastKnownFileType = sourcecode.c.c; path = CustomSaveDialog.c; sourceTree = "<group>"; };
		2FF0E59F18574D3F00517795 /* DebugMode.c */ = {isa = PBXFileReference; lastKnownFileType = sourcecode.c.c; path = DebugMode.c; sourceTree = "<group>"; };
		2FF0E5A018574D3F00517795 /* DefineGlobals.c */ = {isa = PBXFileReference; lastKnownFileType = sourcecode.c.c; path = DefineGlobals.c; sourceTree = "<group>"; };
		2FF0E5A118574D3F00517795 /* DotPalette.c */ = {isa = PBXFileReference; lastKnownFileType = sourcecode.c.c; path = DotPalette.c; sourceTree = "<group>"; };
		2FF0E5A218574D3F00517795 /* Edit.c */ = {isa = PBXFileReference; lastKnownFileType = sourcecode.c.c; path = Edit.c; sourceTree = "<group>"; };
		2FF0E5A318574D3F00517795 /* EffectRoutines.c */ = {isa = PBXFileReference; lastKnownFileType = sourcecode.c.c; path = EffectRoutines.c; sourceTree = "<group>"; };
		2FF0E5A418574D3F00517795 /* ExternalEditorSupport.c */ = {isa = PBXFileReference; lastKnownFileType = sourcecode.c.c; path = ExternalEditorSupport.c; sourceTree = "<group>"; };
		2FF0E5A518574D3F00517795 /* Files.c */ = {isa = PBXFileReference; lastKnownFileType = sourcecode.c.c; path = Files.c; sourceTree = "<group>"; };
		2FF0E5A618574D3F00517795 /* GifEncode-miGIF.c */ = {isa = PBXFileReference; lastKnownFileType = sourcecode.c.c; path = "GifEncode-miGIF.c"; sourceTree = "<group>"; };
		2FF0E5A818574D3F00517795 /* AESupport.h */ = {isa = PBXFileReference; lastKnownFileType = sourcecode.c.h; path = AESupport.h; sourceTree = "<group>"; };
		2FF0E5A918574D3F00517795 /* CarbonSupport.pch */ = {isa = PBXFileReference; lastKnownFileType = sourcecode.c.h; path = CarbonSupport.pch; sourceTree = "<group>"; };
		2FF0E5AA18574D3F00517795 /* CustomSaveDialog.h */ = {isa = PBXFileReference; lastKnownFileType = sourcecode.c.h; path = CustomSaveDialog.h; sourceTree = "<group>"; };
		2FF0E5AB18574D3F00517795 /* DebugMode.h */ = {isa = PBXFileReference; lastKnownFileType = sourcecode.c.h; path = DebugMode.h; sourceTree = "<group>"; };
		2FF0E5AC18574D3F00517795 /* Definition.h */ = {isa = PBXFileReference; lastKnownFileType = sourcecode.c.h; path = Definition.h; sourceTree = "<group>"; };
		2FF0E5AD18574D3F00517795 /* DotPalette.h */ = {isa = PBXFileReference; lastKnownFileType = sourcecode.c.h; path = DotPalette.h; sourceTree = "<group>"; };
		2FF0E5AE18574D3F00517795 /* EditRoutines.h */ = {isa = PBXFileReference; lastKnownFileType = sourcecode.c.h; path = EditRoutines.h; sourceTree = "<group>"; };
		2FF0E5AF18574D3F00517795 /* EffectRoutines.h */ = {isa = PBXFileReference; lastKnownFileType = sourcecode.c.h; path = EffectRoutines.h; sourceTree = "<group>"; };
		2FF0E5B018574D3F00517795 /* EnglishVer.pch */ = {isa = PBXFileReference; lastKnownFileType = sourcecode.c.h; path = EnglishVer.pch; sourceTree = "<group>"; };
		2FF0E5B118574D3F00517795 /* ExternalEditorSupport.h */ = {isa = PBXFileReference; lastKnownFileType = sourcecode.c.h; path = ExternalEditorSupport.h; sourceTree = "<group>"; };
		2FF0E5B218574D3F00517795 /* FileRoutines.h */ = {isa = PBXFileReference; lastKnownFileType = sourcecode.c.h; path = FileRoutines.h; sourceTree = "<group>"; };
		2FF0E5B318574D3F00517795 /* Globals.h */ = {isa = PBXFileReference; lastKnownFileType = sourcecode.c.h; path = Globals.h; sourceTree = "<group>"; };
		2FF0E5B418574D3F00517795 /* IconFamilyWindow.h */ = {isa = PBXFileReference; lastKnownFileType = sourcecode.c.h; path = IconFamilyWindow.h; sourceTree = "<group>"; };
		2FF0E5B518574D3F00517795 /* IconListWindow.h */ = {isa = PBXFileReference; lastKnownFileType = sourcecode.c.h; path = IconListWindow.h; sourceTree = "<group>"; };
		2FF0E5B618574D3F00517795 /* IconParty.h */ = {isa = PBXFileReference; lastKnownFileType = sourcecode.c.h; path = IconParty.h; sourceTree = "<group>"; };
		2FF0E5B718574D3F00517795 /* IconRoutines.h */ = {isa = PBXFileReference; lastKnownFileType = sourcecode.c.h; path = IconRoutines.h; sourceTree = "<group>"; };
		2FF0E5B818574D3F00517795 /* IPIconSupport.h */ = {isa = PBXFileReference; lastKnownFileType = sourcecode.c.h; path = IPIconSupport.h; sourceTree = "<group>"; };
		2FF0E5B918574D3F00517795 /* MenuRoutines.h */ = {isa = PBXFileReference; lastKnownFileType = sourcecode.c.h; path = MenuRoutines.h; sourceTree = "<group>"; };
		2FF0E5BA18574D3F00517795 /* NavigationServicesSupport.h */ = {isa = PBXFileReference; lastKnownFileType = sourcecode.c.h; path = NavigationServicesSupport.h; sourceTree = "<group>"; };
		2FF0E5BB18574D3F00517795 /* PaintRoutines.h */ = {isa = PBXFileReference; lastKnownFileType = sourcecode.c.h; path = PaintRoutines.h; sourceTree = "<group>"; };
		2FF0E5BC18574D3F00517795 /* PNGSupport.h */ = {isa = PBXFileReference; lastKnownFileType = sourcecode.c.h; path = PNGSupport.h; sourceTree = "<group>"; };
		2FF0E5BD18574D3F00517795 /* Preferences.h */ = {isa = PBXFileReference; lastKnownFileType = sourcecode.c.h; path = Preferences.h; sourceTree = "<group>"; };
		2FF0E5BE18574D3F00517795 /* TabletUtils.h */ = {isa = PBXFileReference; lastKnownFileType = sourcecode.c.h; path = TabletUtils.h; sourceTree = "<group>"; };
		2FF0E5BF18574D3F00517795 /* ToolRoutines.h */ = {isa = PBXFileReference; lastKnownFileType = sourcecode.c.h; path = ToolRoutines.h; sourceTree = "<group>"; };
		2FF0E5C018574D3F00517795 /* UpdateCursor.h */ = {isa = PBXFileReference; lastKnownFileType = sourcecode.c.h; path = UpdateCursor.h; sourceTree = "<group>"; };
		2FF0E5C118574D3F00517795 /* UsefulRoutines.h */ = {isa = PBXFileReference; lastKnownFileType = sourcecode.c.h; path = UsefulRoutines.h; sourceTree = "<group>"; };
		2FF0E5C218574D3F00517795 /* WindowRoutines.h */ = {isa = PBXFileReference; lastKnownFileType = sourcecode.c.h; path = WindowRoutines.h; sourceTree = "<group>"; };
		2FF0E5C318574D3F00517795 /* WinIconSupport.h */ = {isa = PBXFileReference; lastKnownFileType = sourcecode.c.h; path = WinIconSupport.h; sourceTree = "<group>"; };
		2FF0E5C418574D3F00517795 /* IconFamilyWindow.c */ = {isa = PBXFileReference; lastKnownFileType = sourcecode.c.c; path = IconFamilyWindow.c; sourceTree = "<group>"; };
		2FF0E5C518574D3F00517795 /* IconList_LDEF.c */ = {isa = PBXFileReference; lastKnownFileType = sourcecode.c.c; path = IconList_LDEF.c; sourceTree = "<group>"; };
		2FF0E5C618574D3F00517795 /* IconListWindow.c */ = {isa = PBXFileReference; lastKnownFileType = sourcecode.c.c; path = IconListWindow.c; sourceTree = "<group>"; };
		2FF0E5C718574D3F00517795 /* IconParty.c */ = {isa = PBXFileReference; lastKnownFileType = sourcecode.c.c; path = IconParty.c; sourceTree = "<group>"; };
		2FF0E5C818574D3F00517795 /* IconRoutines.c */ = {isa = PBXFileReference; lastKnownFileType = sourcecode.c.c; path = IconRoutines.c; sourceTree = "<group>"; };
		2FF0E5C918574D3F00517795 /* ICSupport.c */ = {isa = PBXFileReference; lastKnownFileType = sourcecode.c.c; path = ICSupport.c; sourceTree = "<group>"; };
		2FF0E5CA18574D3F00517795 /* IPIconSupport.c */ = {isa = PBXFileReference; lastKnownFileType = sourcecode.c.c; path = IPIconSupport.c; sourceTree = "<group>"; };
		2FF0E5CB18574D3F00517795 /* Menus.c */ = {isa = PBXFileReference; lastKnownFileType = sourcecode.c.c; path = Menus.c; sourceTree = "<group>"; };
		2FF0E5CC18574D3F00517795 /* NavigationServicesSupport.c */ = {isa = PBXFileReference; lastKnownFileType = sourcecode.c.c; path = NavigationServicesSupport.c; sourceTree = "<group>"; };
		2FF0E5CD18574D3F00517795 /* Paint.c */ = {isa = PBXFileReference; lastKnownFileType = sourcecode.c.c; path = Paint.c; sourceTree = "<group>"; };
		2FF0E5CE18574D3F00517795 /* PenSize_MDEF.c */ = {isa = PBXFileReference; lastKnownFileType = sourcecode.c.c; path = PenSize_MDEF.c; sourceTree = "<group>"; };
		2FF0E5CF18574D3F00517795 /* PNGSupport.c */ = {isa = PBXFileReference; lastKnownFileType = sourcecode.c.c; path = PNGSupport.c; sourceTree = "<group>"; };
		2FF0E5D018574D3F00517795 /* Preferences.c */ = {isa = PBXFileReference; lastKnownFileType = sourcecode.c.c; path = Preferences.c; sourceTree = "<group>"; };
		2FF0E5D118574D3F00517795 /* TabletUtils.c */ = {isa = PBXFileReference; lastKnownFileType = sourcecode.c.c; path = TabletUtils.c; sourceTree = "<group>"; };
		2FF0E5D218574D3F00517795 /* TinyMSL.c */ = {isa = PBXFileReference; lastKnownFileType = sourcecode.c.c; path = TinyMSL.c; sourceTree = "<group>"; };
		2FF0E5D318574D3F00517795 /* Tools.c */ = {isa = PBXFileReference; lastKnownFileType = sourcecode.c.c; path = Tools.c; sourceTree = "<group>"; };
		2FF0E5D418574D3F00517795 /* UpdateCheck.c */ = {isa = PBXFileReference; lastKnownFileType = sourcecode.c.c; path = UpdateCheck.c; sourceTree = "<group>"; };
		2FF0E5D518574D3F00517795 /* UpdateCursor.c */ = {isa = PBXFileReference; lastKnownFileType = sourcecode.c.c; path = UpdateCursor.c; sourceTree = "<group>"; };
		2FF0E5D618574D3F00517795 /* UsefulRoutines.c */ = {isa = PBXFileReference; lastKnownFileType = sourcecode.c.c; path = UsefulRoutines.c; sourceTree = "<group>"; };
		2FF0E5D718574D3F00517795 /* Window.c */ = {isa = PBXFileReference; lastKnownFileType = sourcecode.c.c; path = Window.c; sourceTree = "<group>"; };
		2FF0E5D818574D3F00517795 /* WinIconSupport.c */ = {isa = PBXFileReference; lastKnownFileType = sourcecode.c.c; path = WinIconSupport.c; sourceTree = "<group>"; };
/* End PBXFileReference section */

/* Begin PBXGroup section */
		2FF0E54E18574CF500517795 = {
			isa = PBXGroup;
			children = (
				2FF0E55718574D3F00517795 /* English.lproj */,
				2FF0E56E18574D3F00517795 /* Japanese.lproj */,
				2FF0E58518574D3F00517795 /* resource */,
				2FF0E59C18574D3F00517795 /* source */,
			);
			sourceTree = "<group>";
		};
		2FF0E55718574D3F00517795 /* English.lproj */ = {
			isa = PBXGroup;
			children = (
				2FF0E55818574D3F00517795 /* ErrorMessages.r */,
				2FF0E55A18574D3F00517795 /* IconParty(carbon).rsrc */,
				2FF0E55C18574D3F00517795 /* IconParty(carbon).rsrc.r */,
				2FF0E55E18574D3F00517795 /* IconParty.rsrc */,
				2FF0E56018574D3F00517795 /* IconParty.rsrc.r */,
				2FF0E56218574D3F00517795 /* InfoPlist.strings */,
				2FF0E56418574D3F00517795 /* Localized.r */,
				2FF0E56618574D3F00517795 /* Localized.rsrc */,
				2FF0E56818574D3F00517795 /* Localized.rsrc.r */,
				2FF0E56A18574D3F00517795 /* UpdateCheck.rsrc */,
				2FF0E56C18574D3F00517795 /* UpdateCheck.rsrc.r */,
			);
			name = English.lproj;
			path = ../English.lproj;
			sourceTree = "<group>";
		};
		2FF0E56E18574D3F00517795 /* Japanese.lproj */ = {
			isa = PBXGroup;
			children = (
				2FF0E56F18574D3F00517795 /* ErrorMessages.r */,
				2FF0E57118574D3F00517795 /* IconParty(carbon).rsrc */,
				2FF0E57318574D3F00517795 /* IconParty(carbon).rsrc.r */,
				2FF0E57518574D3F00517795 /* IconParty.rsrc */,
				2FF0E57718574D3F00517795 /* IconParty.rsrc.r */,
				2FF0E57918574D3F00517795 /* InfoPlist.strings */,
				2FF0E57B18574D3F00517795 /* Localized.r */,
				2FF0E57D18574D3F00517795 /* Localized.rsrc */,
				2FF0E57F18574D3F00517795 /* Localized.rsrc.r */,
				2FF0E58118574D3F00517795 /* UpdateCheck.rsrc */,
				2FF0E58318574D3F00517795 /* UpdateCheck.rsrc.r */,
			);
			name = Japanese.lproj;
			path = ../Japanese.lproj;
			sourceTree = "<group>";
		};
		2FF0E58518574D3F00517795 /* resource */ = {
			isa = PBXGroup;
			children = (
				2FF0E58618574D3F00517795 /* blendfile.icns */,
				2FF0E58718574D3F00517795 /* dotlib.icns */,
				2FF0E58818574D3F00517795 /* Headers */,
				2FF0E58D18574D3F00517795 /* icns.icns */,
				2FF0E58E18574D3F00517795 /* ico.icns */,
				2FF0E58F18574D3F00517795 /* Icon Party.rsrc.r */,
				2FF0E59018574D3F00517795 /* IconParty carbon.plist */,
				2FF0E59118574D3F00517795 /* IconParty.icns */,
				2FF0E59218574D3F00517795 /* IconParty.plist */,
				2FF0E59318574D3F00517795 /* IconParty.r */,
				2FF0E59418574D3F00517795 /* IPAppearance.r */,
				2FF0E59518574D3F00517795 /* IPBalloonHelp.r */,
				2FF0E59618574D3F00517795 /* Makefile */,
				2FF0E59718574D3F00517795 /* PICT.icns */,
				2FF0E59818574D3F00517795 /* PNG.icns */,
				2FF0E59918574D3F00517795 /* rsrc.icns */,
				2FF0E59A18574D3F00517795 /* Useful.rsrc.r */,
				2FF0E59B18574D3F00517795 /* x_icons.r */,
			);
			name = resource;
			path = ../resource;
			sourceTree = "<group>";
		};
		2FF0E58818574D3F00517795 /* Headers */ = {
			isa = PBXGroup;
			children = (
				2FF0E58918574D3F00517795 /* CarbonHeader.r */,
				2FF0E58A18574D3F00517795 /* ClassicHeader.r */,
				2FF0E58B18574D3F00517795 /* EnglishCarbon.r */,
				2FF0E58C18574D3F00517795 /* EnglishClassic.r */,
			);
			path = Headers;
			sourceTree = "<group>";
		};
		2FF0E59C18574D3F00517795 /* source */ = {
			isa = PBXGroup;
			children = (
				2FF0E59D18574D3F00517795 /* AE Install.c */,
				2FF0E59E18574D3F00517795 /* CustomSaveDialog.c */,
				2FF0E59F18574D3F00517795 /* DebugMode.c */,
				2FF0E5A018574D3F00517795 /* DefineGlobals.c */,
				2FF0E5A118574D3F00517795 /* DotPalette.c */,
				2FF0E5A218574D3F00517795 /* Edit.c */,
				2FF0E5A318574D3F00517795 /* EffectRoutines.c */,
				2FF0E5A418574D3F00517795 /* ExternalEditorSupport.c */,
				2FF0E5A518574D3F00517795 /* Files.c */,
				2FF0E5A618574D3F00517795 /* GifEncode-miGIF.c */,
				2FF0E5A718574D3F00517795 /* Headers */,
				2FF0E5C418574D3F00517795 /* IconFamilyWindow.c */,
				2FF0E5C518574D3F00517795 /* IconList_LDEF.c */,
				2FF0E5C618574D3F00517795 /* IconListWindow.c */,
				2FF0E5C718574D3F00517795 /* IconParty.c */,
				2FF0E5C818574D3F00517795 /* IconRoutines.c */,
				2FF0E5C918574D3F00517795 /* ICSupport.c */,
				2FF0E5CA18574D3F00517795 /* IPIconSupport.c */,
				2FF0E5CB18574D3F00517795 /* Menus.c */,
				2FF0E5CC18574D3F00517795 /* NavigationServicesSupport.c */,
				2FF0E5CD18574D3F00517795 /* Paint.c */,
				2FF0E5CE18574D3F00517795 /* PenSize_MDEF.c */,
				2FF0E5CF18574D3F00517795 /* PNGSupport.c */,
				2FF0E5D018574D3F00517795 /* Preferences.c */,
				2FF0E5D118574D3F00517795 /* TabletUtils.c */,
				2FF0E5D218574D3F00517795 /* TinyMSL.c */,
				2FF0E5D318574D3F00517795 /* Tools.c */,
				2FF0E5D418574D3F00517795 /* UpdateCheck.c */,
				2FF0E5D518574D3F00517795 /* UpdateCursor.c */,
				2FF0E5D618574D3F00517795 /* UsefulRoutines.c */,
				2FF0E5D718574D3F00517795 /* Window.c */,
				2FF0E5D818574D3F00517795 /* WinIconSupport.c */,
			);
			name = source;
			path = ../source;
			sourceTree = "<group>";
		};
		2FF0E5A718574D3F00517795 /* Headers */ = {
			isa = PBXGroup;
			children = (
				2FF0E5A818574D3F00517795 /* AESupport.h */,
				2FF0E5A918574D3F00517795 /* CarbonSupport.pch */,
				2FF0E5AA18574D3F00517795 /* CustomSaveDialog.h */,
				2FF0E5AB18574D3F00517795 /* DebugMode.h */,
				2FF0E5AC18574D3F00517795 /* Definition.h */,
				2FF0E5AD18574D3F00517795 /* DotPalette.h */,
				2FF0E5AE18574D3F00517795 /* EditRoutines.h */,
				2FF0E5AF18574D3F00517795 /* EffectRoutines.h */,
				2FF0E5B018574D3F00517795 /* EnglishVer.pch */,
				2FF0E5B118574D3F00517795 /* ExternalEditorSupport.h */,
				2FF0E5B218574D3F00517795 /* FileRoutines.h */,
				2FF0E5B318574D3F00517795 /* Globals.h */,
				2FF0E5B418574D3F00517795 /* IconFamilyWindow.h */,
				2FF0E5B518574D3F00517795 /* IconListWindow.h */,
				2FF0E5B618574D3F00517795 /* IconParty.h */,
				2FF0E5B718574D3F00517795 /* IconRoutines.h */,
				2FF0E5B818574D3F00517795 /* IPIconSupport.h */,
				2FF0E5B918574D3F00517795 /* MenuRoutines.h */,
				2FF0E5BA18574D3F00517795 /* NavigationServicesSupport.h */,
				2FF0E5BB18574D3F00517795 /* PaintRoutines.h */,
				2FF0E5BC18574D3F00517795 /* PNGSupport.h */,
				2FF0E5BD18574D3F00517795 /* Preferences.h */,
				2FF0E5BE18574D3F00517795 /* TabletUtils.h */,
				2FF0E5BF18574D3F00517795 /* ToolRoutines.h */,
				2FF0E5C018574D3F00517795 /* UpdateCursor.h */,
				2FF0E5C118574D3F00517795 /* UsefulRoutines.h */,
				2FF0E5C218574D3F00517795 /* WindowRoutines.h */,
				2FF0E5C318574D3F00517795 /* WinIconSupport.h */,
			);
			path = Headers;
			sourceTree = "<group>";
		};
/* End PBXGroup section */

/* Begin PBXLegacyTarget section */
		2FF0E5D918574DA800517795 /* IconParty */ = {
			isa = PBXLegacyTarget;
			buildArgumentsString = "$(ACTION)";
			buildConfigurationList = 2FF0E5DA18574DA800517795 /* Build configuration list for PBXLegacyTarget "IconParty" */;
			buildPhases = (
			);
			buildToolPath = /usr/bin/gcc;
			dependencies = (
			);
			name = IconParty;
			passBuildSettingsInEnvironment = 1;
			productName = IconParty;
		};
/* End PBXLegacyTarget section */

/* Begin PBXProject section */
		2FF0E55018574CF500517795 /* Project object */ = {
			isa = PBXProject;
			attributes = {
				LastUpgradeCheck = 0440;
			};
			buildConfigurationList = 2FF0E55318574CF500517795 /* Build configuration list for PBXProject "IconParty_Carbon" */;
			compatibilityVersion = "Xcode 3.2";
			developmentRegion = English;
			hasScannedForEncodings = 0;
			knownRegions = (
				en,
				English,
				Japanese,
			);
			mainGroup = 2FF0E54E18574CF500517795;
			projectDirPath = "";
			projectRoot = "";
			targets = (
				2FF0E5D918574DA800517795 /* IconParty */,
			);
		};
/* End PBXProject section */

/* Begin PBXVariantGroup section */
		2FF0E55818574D3F00517795 /* ErrorMessages.r */ = {
			isa = PBXVariantGroup;
			children = (
				2FF0E55918574D3F00517795 /* English */,
			);
			name = ErrorMessages.r;
			sourceTree = "<group>";
		};
		2FF0E55A18574D3F00517795 /* IconParty(carbon).rsrc */ = {
			isa = PBXVariantGroup;
			children = (
				2FF0E55B18574D3F00517795 /* English */,
			);
			name = "IconParty(carbon).rsrc";
			sourceTree = "<group>";
		};
		2FF0E55C18574D3F00517795 /* IconParty(carbon).rsrc.r */ = {
			isa = PBXVariantGroup;
			children = (
				2FF0E55D18574D3F00517795 /* English */,
			);
			name = "IconParty(carbon).rsrc.r";
			sourceTree = "<group>";
		};
		2FF0E55E18574D3F00517795 /* IconParty.rsrc */ = {
			isa = PBXVariantGroup;
			children = (
				2FF0E55F18574D3F00517795 /* English */,
			);
			name = IconParty.rsrc;
			sourceTree = "<group>";
		};
		2FF0E56018574D3F00517795 /* IconParty.rsrc.r */ = {
			isa = PBXVariantGroup;
			children = (
				2FF0E56118574D3F00517795 /* English */,
			);
			name = IconParty.rsrc.r;
			sourceTree = "<group>";
		};
		2FF0E56218574D3F00517795 /* InfoPlist.strings */ = {
			isa = PBXVariantGroup;
			children = (
				2FF0E56318574D3F00517795 /* English */,
			);
			name = InfoPlist.strings;
			sourceTree = "<group>";
		};
		2FF0E56418574D3F00517795 /* Localized.r */ = {
			isa = PBXVariantGroup;
			children = (
				2FF0E56518574D3F00517795 /* English */,
			);
			name = Localized.r;
			sourceTree = "<group>";
		};
		2FF0E56618574D3F00517795 /* Localized.rsrc */ = {
			isa = PBXVariantGroup;
			children = (
				2FF0E56718574D3F00517795 /* English */,
			);
			name = Localized.rsrc;
			sourceTree = "<group>";
		};
		2FF0E56818574D3F00517795 /* Localized.rsrc.r */ = {
			isa = PBXVariantGroup;
			children = (
				2FF0E56918574D3F00517795 /* English */,
			);
			name = Localized.rsrc.r;
			sourceTree = "<group>";
		};
		2FF0E56A18574D3F00517795 /* UpdateCheck.rsrc */ = {
			isa = PBXVariantGroup;
			children = (
				2FF0E56B18574D3F00517795 /* English */,
			);
			name = UpdateCheck.rsrc;
			sourceTree = "<group>";
		};
		2FF0E56C18574D3F00517795 /* UpdateCheck.rsrc.r */ = {
			isa = PBXVariantGroup;
			children = (
				2FF0E56D18574D3F00517795 /* English */,
			);
			name = UpdateCheck.rsrc.r;
			sourceTree = "<group>";
		};
		2FF0E56F18574D3F00517795 /* ErrorMessages.r */ = {
			isa = PBXVariantGroup;
			children = (
				2FF0E57018574D3F00517795 /* Japanese */,
			);
			name = ErrorMessages.r;
			sourceTree = "<group>";
		};
		2FF0E57118574D3F00517795 /* IconParty(carbon).rsrc */ = {
			isa = PBXVariantGroup;
			children = (
				2FF0E57218574D3F00517795 /* Japanese */,
			);
			name = "IconParty(carbon).rsrc";
			sourceTree = "<group>";
		};
		2FF0E57318574D3F00517795 /* IconParty(carbon).rsrc.r */ = {
			isa = PBXVariantGroup;
			children = (
				2FF0E57418574D3F00517795 /* Japanese */,
			);
			name = "IconParty(carbon).rsrc.r";
			sourceTree = "<group>";
		};
		2FF0E57518574D3F00517795 /* IconParty.rsrc */ = {
			isa = PBXVariantGroup;
			children = (
				2FF0E57618574D3F00517795 /* Japanese */,
			);
			name = IconParty.rsrc;
			sourceTree = "<group>";
		};
		2FF0E57718574D3F00517795 /* IconParty.rsrc.r */ = {
			isa = PBXVariantGroup;
			children = (
				2FF0E57818574D3F00517795 /* Japanese */,
			);
			name = IconParty.rsrc.r;
			sourceTree = "<group>";
		};
		2FF0E57918574D3F00517795 /* InfoPlist.strings */ = {
			isa = PBXVariantGroup;
			children = (
				2FF0E57A18574D3F00517795 /* Japanese */,
			);
			name = InfoPlist.strings;
			sourceTree = "<group>";
		};
		2FF0E57B18574D3F00517795 /* Localized.r */ = {
			isa = PBXVariantGroup;
			children = (
				2FF0E57C18574D3F00517795 /* Japanese */,
			);
			name = Localized.r;
			sourceTree = "<group>";
		};
		2FF0E57D18574D3F00517795 /* Localized.rsrc */ = {
			isa = PBXVariantGroup;
			children = (
				2FF0E57E18574D3F00517795 /* Japanese */,
			);
			name = Localized.rsrc;
			sourceTree = "<group>";
		};
		2FF0E57F18574D3F00517795 /* Localized.rsrc.r */ = {
			isa = PBXVariantGroup;
			children = (
				2FF0E58018574D3F00517795 /* Japanese */,
			);
			name = Localized.rsrc.r;
			sourceTree = "<group>";
		};
		2FF0E58118574D3F00517795 /* UpdateCheck.rsrc */ = {
			isa = PBXVariantGroup;
			children = (
				2FF0E58218574D3F00517795 /* Japanese */,
			);
			name = UpdateCheck.rsrc;
			sourceTree = "<group>";
		};
		2FF0E58318574D3F00517795 /* UpdateCheck.rsrc.r */ = {
			isa = PBXVariantGroup;
			children = (
				2FF0E58418574D3F00517795 /* Japanese */,
			);
			name = UpdateCheck.rsrc.r;
			sourceTree = "<group>";
		};
/* End PBXVariantGroup section */

/* Begin XCBuildConfiguration section */
		2FF0E55518574CF500517795 /* Debug */ = {
			isa = XCBuildConfiguration;
			buildSettings = {
			};
			name = Debug;
		};
		2FF0E55618574CF500517795 /* Release */ = {
			isa = XCBuildConfiguration;
			buildSettings = {
			};
			name = Release;
		};
		2FF0E5DB18574DA800517795 /* Debug */ = {
			isa = XCBuildConfiguration;
			buildSettings = {
				ALWAYS_SEARCH_USER_PATHS = NO;
				ARCHS = "$(ARCHS_STANDARD_64_BIT)";
				CLANG_CXX_LANGUAGE_STANDARD = "gnu++0x";
				CLANG_WARN__DUPLICATE_METHOD_MATCH = YES;
				COPY_PHASE_STRIP = NO;
				DEBUGGING_SYMBOLS = YES;
				GCC_C_LANGUAGE_STANDARD = gnu99;
				GCC_DYNAMIC_NO_PIC = NO;
				GCC_ENABLE_OBJC_EXCEPTIONS = YES;
				GCC_GENERATE_DEBUGGING_SYMBOLS = YES;
				GCC_OPTIMIZATION_LEVEL = 0;
				GCC_PREPROCESSOR_DEFINITIONS = (
					"DEBUG=1",
					"$(inherited)",
				);
				GCC_SYMBOLS_PRIVATE_EXTERN = NO;
				GCC_WARN_64_TO_32_BIT_CONVERSION = YES;
				GCC_WARN_ABOUT_RETURN_TYPE = YES;
				GCC_WARN_UNINITIALIZED_AUTOS = YES;
				GCC_WARN_UNUSED_VARIABLE = YES;
				MACOSX_DEPLOYMENT_TARGET = 10.8;
				ONLY_ACTIVE_ARCH = YES;
				OTHER_CFLAGS = "";
				OTHER_LDFLAGS = "";
				PRODUCT_NAME = "$(TARGET_NAME)";
				SDKROOT = macosx;
			};
			name = Debug;
		};
		2FF0E5DC18574DA800517795 /* Release */ = {
			isa = XCBuildConfiguration;
			buildSettings = {
				ALWAYS_SEARCH_USER_PATHS = NO;
				ARCHS = "$(ARCHS_STANDARD_64_BIT)";
				CLANG_CXX_LANGUAGE_STANDARD = "gnu++0x";
				CLANG_WARN__DUPLICATE_METHOD_MATCH = YES;
				COPY_PHASE_STRIP = YES;
				DEBUG_INFORMATION_FORMAT = "dwarf-with-dsym";
				GCC_C_LANGUAGE_STANDARD = gnu99;
				GCC_ENABLE_OBJC_EXCEPTIONS = YES;
				GCC_WARN_64_TO_32_BIT_CONVERSION = YES;
				GCC_WARN_ABOUT_RETURN_TYPE = YES;
				GCC_WARN_UNINITIALIZED_AUTOS = YES;
				GCC_WARN_UNUSED_VARIABLE = YES;
				MACOSX_DEPLOYMENT_TARGET = 10.8;
				OTHER_CFLAGS = "";
				OTHER_LDFLAGS = "";
				PRODUCT_NAME = "$(TARGET_NAME)";
				SDKROOT = macosx;
			};
			name = Release;
		};
/* End XCBuildConfiguration section */

/* Begin XCConfigurationList section */
		2FF0E55318574CF500517795 /* Build configuration list for PBXProject "IconParty_Carbon" */ = {
			isa = XCConfigurationList;
			buildConfigurations = (
				2FF0E55518574CF500517795 /* Debug */,
				2FF0E55618574CF500517795 /* Release */,
			);
			defaultConfigurationIsVisible = 0;
			defaultConfigurationName = Release;
		};
		2FF0E5DA18574DA800517795 /* Build configuration list for PBXLegacyTarget "IconParty" */ = {
			isa = XCConfigurationList;
			buildConfigurations = (
				2FF0E5DB18574DA800517795 /* Debug */,
				2FF0E5DC18574DA800517795 /* Release */,
			);
			defaultConfigurationIsVisible = 0;
		};
/* End XCConfigurationList section */
	};
	rootObject = 2FF0E55018574CF500517795 /* Project object */;
}
